
Microsoft Visual Studio Solution File, Format Version 12.00
# Visual Studio Version 17
VisualStudioVersion = 17.6.33723.286
MinimumVisualStudioVersion = 10.0.40219.1
Project("{9A19103F-16F7-4668-BE54-9A1E7A4F7556}") = "RealidadVirtualServer", "RealidadVirtualServer.csproj", "{81A15FC2-1CB2-41AA-8E73-80D27F55F7C5}"
EndProject
Global
	GlobalSection(SolutionConfigurationPlatforms) = preSolution
		Debug|Any CPU = Debug|Any CPU
		Release|Any CPU = Release|Any CPU
	EndGlobalSection
	GlobalSection(ProjectConfigurationPlatforms) = postSolution
		{81A15FC2-1CB2-41AA-8E73-80D27F55F7C5}.Debug|Any CPU.ActiveCfg = Debug|Any CPU
		{81A15FC2-1CB2-41AA-8E73-80D27F55F7C5}.Debug|Any CPU.Build.0 = Debug|Any CPU
		{81A15FC2-1CB2-41AA-8E73-80D27F55F7C5}.Release|Any CPU.ActiveCfg = Release|Any CPU
		{81A15FC2-1CB2-41AA-8E73-80D27F55F7C5}.Release|Any CPU.Build.0 = Release|Any CPU
	EndGlobalSection
	GlobalSection(SolutionProperties) = preSolution
		HideSolutionNode = FALSE
	EndGlobalSection
	GlobalSection(ExtensibilityGlobals) = postSolution
		SolutionGuid = {20C2FA3A-4355-4A2E-9781-987CD30CEB30}
	EndGlobalSection
EndGlobal
